lockfileVersion: '9.0'

settings:
  autoInstallPeers: true
  excludeLinksFromLockfile: false

importers:

  .:
    devDependencies:
      '@rslib/core':
        specifier: ^0.12.1
        version: 0.12.1(typescript@5.9.2)
      '@types/node':
        specifier: ^22.17.1
        version: 22.17.2
      typescript:
        specifier: ^5.9.2
        version: 5.9.2

packages:

  '@ast-grep/napi-darwin-arm64@0.37.0':
    resolution: {integrity: sha512-QAiIiaAbLvMEg/yBbyKn+p1gX2/FuaC0SMf7D7capm/oG4xGMzdeaQIcSosF4TCxxV+hIH4Bz9e4/u7w6Bnk3Q==}
    engines: {node: '>= 10'}
    cpu: [arm64]
    os: [darwin]

  '@ast-grep/napi-darwin-x64@0.37.0':
    resolution: {integrity: sha512-zvcvdgekd4ySV3zUbUp8HF5nk5zqwiMXTuVzTUdl/w08O7JjM6XPOIVT+d2o/MqwM9rsXdzdergY5oY2RdhSPA==}
    engines: {node: '>= 10'}
    cpu: [x64]
    os: [darwin]

  '@ast-grep/napi-linux-arm64-gnu@0.37.0':
    resolution: {integrity: sha512-L7Sj0lXy8X+BqSMgr1LB8cCoWk0rericdeu+dC8/c8zpsav5Oo2IQKY1PmiZ7H8IHoFBbURLf8iklY9wsD+cyA==}
    engines: {node: '>= 10'}
    cpu: [arm64]
    os: [linux]

  '@ast-grep/napi-linux-arm64-musl@0.37.0':
    resolution: {integrity: sha512-LF9sAvYy6es/OdyJDO3RwkX3I82Vkfsng1sqUBcoWC1jVb1wX5YVzHtpQox9JrEhGl+bNp7FYxB4Qba9OdA5GA==}
    engines: {node: '>= 10'}
    cpu: [arm64]
    os: [linux]

  '@ast-grep/napi-linux-x64-gnu@0.37.0':
    resolution: {integrity: sha512-TViz5/klqre6aSmJzswEIjApnGjJzstG/SE8VDWsrftMBMYt2PTu3MeluZVwzSqDao8doT/P+6U11dU05UOgxw==}
    engines: {node: '>= 10'}
    cpu: [x64]
    os: [linux]

  '@ast-grep/napi-linux-x64-musl@0.37.0':
    resolution: {integrity: sha512-/BcCH33S9E3ovOAEoxYngUNXgb+JLg991sdyiNP2bSoYd30a9RHrG7CYwW6fMgua3ijQ474eV6cq9yZO1bCpXg==}
    engines: {node: '>= 10'}
    cpu: [x64]
    os: [linux]

  '@ast-grep/napi-win32-arm64-msvc@0.37.0':
    resolution: {integrity: sha512-TjQA4cFoIEW2bgjLkaL9yqT4XWuuLa5MCNd0VCDhGRDMNQ9+rhwi9eLOWRaap3xzT7g+nlbcEHL3AkVCD2+b3A==}
    engines: {node: '>= 10'}
    cpu: [arm64]
    os: [win32]

  '@ast-grep/napi-win32-ia32-msvc@0.37.0':
    resolution: {integrity: sha512-uNmVka8fJCdYsyOlF9aZqQMLTatEYBynjChVTzUfFMDfmZ0bihs/YTqJVbkSm8TZM7CUX82apvn50z/dX5iWRA==}
    engines: {node: '>= 10'}
    cpu: [ia32]
    os: [win32]

  '@ast-grep/napi-win32-x64-msvc@0.37.0':
    resolution: {integrity: sha512-vCiFOT3hSCQuHHfZ933GAwnPzmL0G04JxQEsBRfqONywyT8bSdDc/ECpAfr3S9VcS4JZ9/F6tkePKW/Om2Dq2g==}
    engines: {node: '>= 10'}
    cpu: [x64]
    os: [win32]

  '@ast-grep/napi@0.37.0':
    resolution: {integrity: sha512-Hb4o6h1Pf6yRUAX07DR4JVY7dmQw+RVQMW5/m55GoiAT/VRoKCWBtIUPPOnqDVhbx1Cjfil9b6EDrgJsUAujEQ==}
    engines: {node: '>= 10'}

  '@emnapi/core@1.4.5':
    resolution: {integrity: sha512-XsLw1dEOpkSX/WucdqUhPWP7hDxSvZiY+fsUC14h+FtQ2Ifni4znbBt8punRX+Uj2JG/uDb8nEHVKvrVlvdZ5Q==}

  '@emnapi/runtime@1.4.5':
    resolution: {integrity: sha512-++LApOtY0pEEz1zrd9vy1/zXVaVJJ/EbAF3u0fXIzPJEDtnITsBGbbK0EkM72amhl/R5b+5xx0Y/QhcVOpuulg==}

  '@emnapi/wasi-threads@1.0.4':
    resolution: {integrity: sha512-PJR+bOmMOPH8AtcTGAyYNiuJ3/Fcoj2XN/gBEWzDIKh254XO+mM9XoXHk5GNEhodxeMznbg7BlRojVbKN+gC6g==}

  '@jridgewell/sourcemap-codec@1.5.5':
    resolution: {integrity: sha512-cYQ9310grqxueWbl+WuIUIaiUaDcj7WOq5fVhEljNVgRfOUhY9fy2zTvfoqWsnebh8Sl70VScFbICvJnLKB0Og==}

  '@module-federation/error-codes@0.17.1':
    resolution: {integrity: sha512-n6Elm4qKSjwAPxLUGtwnl7qt4y1dxB8OpSgVvXBIzqI9p27a3ZXshLPLnumlpPg1Qudaj8sLnSnFtt9yGpt5yQ==}

  '@module-federation/runtime-core@0.17.1':
    resolution: {integrity: sha512-LCtIFuKgWPQ3E+13OyrVpuTPOWBMI/Ggwsq1Q874YeT8Px28b8tJRCj09DjyRFyhpSPyV/uG80T6iXPAUoLIfQ==}

  '@module-federation/runtime-tools@0.17.1':
    resolution: {integrity: sha512-4kr6zTFFwGywJx6whBtxsc84V+COAuuBpEdEbPZN//YLXhNB0iz2IGsy9r9wDl+06h84bD+3dQ05l9euRLgXzQ==}

  '@module-federation/runtime@0.17.1':
    resolution: {integrity: sha512-vKEN32MvUbpeuB/s6UXfkHDZ9N5jFyDDJnj83UTJ8n4N1jHIJu9VZ6Yi4/Ac8cfdvU8UIK9bIbfVXWbUYZUDsw==}

  '@module-federation/sdk@0.17.1':
    resolution: {integrity: sha512-nlUcN6UTEi+3HWF+k8wPy7gH0yUOmCT+xNatihkIVR9REAnr7BUvHFGlPJmx7WEbLPL46+zJUbtQHvLzXwFhng==}

  '@module-federation/webpack-bundler-runtime@0.17.1':
    resolution: {integrity: sha512-Swspdgf4PzcbvS9SNKFlBzfq8h/Qxwqjq/xRSqw1pqAZWondZQzwTTqPXhgrg0bFlz7qWjBS/6a8KuH/gRvGaQ==}

  '@napi-rs/wasm-runtime@1.0.3':
    resolution: {integrity: sha512-rZxtMsLwjdXkMUGC3WwsPwLNVqVqnTJT6MNIB6e+5fhMcSCPP0AOsNWuMQ5mdCq6HNjs/ZeWAEchpqeprqBD2Q==}

  '@rsbuild/core@1.5.0-beta.3':
    resolution: {integrity: sha512-b4QOPQJvmhJFIWqBZ6kI7XLI3d1qx52ASpEzBoL5cnRnfh8tCMymWi9I0xUZinRmAh9V4wdIRG8EtISe899CcA==}
    engines: {node: '>=18.12.0'}
    hasBin: true

  '@rslib/core@0.12.1':
    resolution: {integrity: sha512-ualcmPkgBk1/IgapJ/GN5wWfl0zjH++3Wpe7f8990NzM4zk5MS9JVqDjV9oljCtf/N8Va5YDC4pEULzVES7xYQ==}
    engines: {node: '>=18.12.0'}
    hasBin: true
    peerDependencies:
      '@microsoft/api-extractor': ^7
      typescript: ^5
    peerDependenciesMeta:
      '@microsoft/api-extractor':
        optional: true
      typescript:
        optional: true

  '@rspack/binding-darwin-arm64@1.5.0-beta.0':
    resolution: {integrity: sha512-P9m+DAZXulV6pgAmtdLubANCx4f/y6UJrNWy6sLFnVfSXAVbGvchoBcgb9LvyiNcVyVq8GZyGT8tggpi9lbhLA==}
    cpu: [arm64]
    os: [darwin]

  '@rspack/binding-darwin-x64@1.5.0-beta.0':
    resolution: {integrity: sha512-I8XHkeK+fRGdQMXnrirZXLRKfqnN52C57zKhlY2/TxTW+4gVb8tqLD0gTrGDqUTlXACHjnhx3uwJ8XkyUlgFLw==}
    cpu: [x64]
    os: [darwin]

  '@rspack/binding-linux-arm64-gnu@1.5.0-beta.0':
    resolution: {integrity: sha512-6fotqE8ZXE4rvywS4wCuwNwd6XprzJxEZGhEW/MqGV2ut9L7oLCI071Cz/v3pBXBJTcuh0vDuwH4xQ2uCO8SnA==}
    cpu: [arm64]
    os: [linux]

  '@rspack/binding-linux-arm64-musl@1.5.0-beta.0':
    resolution: {integrity: sha512-5u34Y3mIaqV8OPc1ojFTik+3spzRi+72/0IUgdjNfZEBSkqBHQJG/Pib5CIe6161yGNl/FF11KH/3DlK0uxaPA==}
    cpu: [arm64]
    os: [linux]

  '@rspack/binding-linux-x64-gnu@1.5.0-beta.0':
    resolution: {integrity: sha512-lV6Ni73T+0owXi56iSgEiRQcqczvm3UNHC8vfhTXJE6gyh+72t9jL6AoEfEm2vlxwZyAW2etQrplci6leshKBw==}
    cpu: [x64]
    os: [linux]

  '@rspack/binding-linux-x64-musl@1.5.0-beta.0':
    resolution: {integrity: sha512-T9ik/8Eu2br8sOftAOXbMvgrBLZeiev9o/XnQw+MygnA4wczlSfWF22eJwlhssk4y5H1MPlkE8QMVBRIJrwrDw==}
    cpu: [x64]
    os: [linux]

  '@rspack/binding-wasm32-wasi@1.5.0-beta.0':
    resolution: {integrity: sha512-7wCc99kG6hWGt1hs4vrJbPK7GD2diHmoae4lBY7kcNaoP0ZpTKiICG+yCrTHmSyNlU6wbxsXGdJAabX6h4Brig==}
    cpu: [wasm32]

  '@rspack/binding-win32-arm64-msvc@1.5.0-beta.0':
    resolution: {integrity: sha512-3A3cN7wno4vY09NH/wrA0tzYRsv+Q1Kv5p/kXrnFLeQ8ZJ1MFyN8AFHt3UW9FO6TniJrxxJPmYd7D2szNeXujw==}
    cpu: [arm64]
    os: [win32]

  '@rspack/binding-win32-ia32-msvc@1.5.0-beta.0':
    resolution: {integrity: sha512-0QFpKQiH+MdyR4ILA6PP074YVkLhfVAakPLUe3UTOuBRXnN/C/i7Xop+6raWqrMmxU2qzgFi5N2zf0plYPbvnw==}
    cpu: [ia32]
    os: [win32]

  '@rspack/binding-win32-x64-msvc@1.5.0-beta.0':
    resolution: {integrity: sha512-99pXkrDCmuFe8B2AuPa4g/tu+A+GYQ2VcxOvbOrw5N4Y5ANhQJYGhxxYyZ7ijS7zyXP8SJ7PTf1mMeM8ghIzmQ==}
    cpu: [x64]
    os: [win32]

  '@rspack/binding@1.5.0-beta.0':
    resolution: {integrity: sha512-MzzSb/Ruq2fPBUfuhbezhD4V7Pg28n3otRZ7uNmeWfpvce3FtsJyyds92r99+rxwlb0Md31Zdj/NLJtpyFWBLA==}

  '@rspack/core@1.5.0-beta.0':
    resolution: {integrity: sha512-9Vlk2Na6p4EEvBTXp8SFWC8T7CeQ8vGV+fvtvtK4xLuqutHZ7UDifaIVybJ44/Oi4AFQpJeBiBr5u8/JSsa2pQ==}
    engines: {node: '>=18.12.0'}
    peerDependencies:
      '@swc/helpers': '>=0.5.1'
    peerDependenciesMeta:
      '@swc/helpers':
        optional: true

  '@rspack/lite-tapable@1.0.1':
    resolution: {integrity: sha512-VynGOEsVw2s8TAlLf/uESfrgfrq2+rcXB1muPJYBWbsm1Oa6r5qVQhjA5ggM6z/coYPrsVMgovl3Ff7Q7OCp1w==}
    engines: {node: '>=16.0.0'}

  '@swc/helpers@0.5.17':
    resolution: {integrity: sha512-5IKx/Y13RsYd+sauPb2x+U/xZikHjolzfuDgTAl/Tdf3Q8rslRvC19NKDLgAJQ6wsqADk10ntlv08nPFw/gO/A==}

  '@tybys/wasm-util@0.10.0':
    resolution: {integrity: sha512-VyyPYFlOMNylG45GoAe0xDoLwWuowvf92F9kySqzYh8vmYm7D2u4iUJKa1tOUpS70Ku13ASrOkS4ScXFsTaCNQ==}

  '@types/node@22.17.2':
    resolution: {integrity: sha512-gL6z5N9Jm9mhY+U2KXZpteb+09zyffliRkZyZOHODGATyC5B1Jt/7TzuuiLkFsSUMLbS1OLmlj/E+/3KF4Q/4w==}

  core-js@3.45.0:
    resolution: {integrity: sha512-c2KZL9lP4DjkN3hk/an4pWn5b5ZefhRJnAc42n6LJ19kSnbeRbdQZE5dSeE2LBol1OwJD3X1BQvFTAsa8ReeDA==}

  fdir@6.5.0:
    resolution: {integrity: sha512-tIbYtZbucOs0BRGqPJkshJUYdL+SDH7dVM8gjy+ERp3WAUjLEFJE+02kanyHtwjWOnwrKYBiwAmM0p4kLJAnXg==}
    engines: {node: '>=12.0.0'}
    peerDependencies:
      picomatch: ^3 || ^4
    peerDependenciesMeta:
      picomatch:
        optional: true

  jiti@2.5.1:
    resolution: {integrity: sha512-twQoecYPiVA5K/h6SxtORw/Bs3ar+mLUtoPSc7iMXzQzK8d7eJ/R09wmTwAjiamETn1cXYPGfNnu7DMoHgu12w==}
    hasBin: true

  json5@2.2.3:
    resolution: {integrity: sha512-XmOWe7eyHYH14cLdVPoyg+GOH3rYX++KpzrylJwSW98t3Nk+U8XOl8FWKOgwtzdb8lXGf6zYwDUzeHMWfxasyg==}
    engines: {node: '>=6'}
    hasBin: true

  magic-string@0.30.17:
    resolution: {integrity: sha512-sNPKHvyjVf7gyjwS4xGTaW/mCnF8wnjtifKBEhxfZ7E/S8tQ0rssrwGNn6q8JH/ohItJfSQp9mBtQYuTlH5QnA==}

  minimist@1.2.8:
    resolution: {integrity: sha512-2yyAR8qBkN3YuheJanUpWC5U3bb5osDywNB8RzDVlDwDHbocAJveqqj1u8+SVD7jkWT4yvsHCpWqqWqAxb0zCA==}

  picocolors@1.1.1:
    resolution: {integrity: sha512-xceH2snhtb5M9liqDsmEw56le376mTZkEX/jEb/RxNFyegNul7eNslCXP9FDj/Lcu0X8KEyMceP2ntpaHrDEVA==}

  picomatch@4.0.3:
    resolution: {integrity: sha512-5gTmgEY/sqK6gFXLIsQNH19lWb4ebPDLA4SdLP7dsWkIXHWlG66oPuVvXSGFPppYZz8ZDZq0dYYrbHfBCVUb1Q==}
    engines: {node: '>=12'}

  rsbuild-plugin-dts@0.12.1:
    resolution: {integrity: sha512-NXY04mekD3e1FzRKxcP5c8/idjWcnNyDcdXh4VcF10F7UxsgqT/rIOV8FT1aT+JjFncAD2mXboPq20wkqJTiIw==}
    engines: {node: '>=18.12.0'}
    peerDependencies:
      '@microsoft/api-extractor': ^7
      '@rsbuild/core': 1.x
      typescript: ^5
    peerDependenciesMeta:
      '@microsoft/api-extractor':
        optional: true
      typescript:
        optional: true

  strip-bom@3.0.0:
    resolution: {integrity: sha512-vavAMRXOgBVNF6nyEEmL3DBK19iRpDcoIwW+swQ+CbGiu7lju6t+JklA1MHweoWtadgt4ISVUsXLyDq34ddcwA==}
    engines: {node: '>=4'}

  tinyglobby@0.2.14:
    resolution: {integrity: sha512-tX5e7OM1HnYr2+a2C/4V0htOcSQcoSTH9KgJnVvNm5zm/cyEWKJ7j7YutsH9CxMdtOkkLFy2AHrMci9IM8IPZQ==}
    engines: {node: '>=12.0.0'}

  tsconfig-paths@4.2.0:
    resolution: {integrity: sha512-NoZ4roiN7LnbKn9QqE1amc9DJfzvZXxF4xDavcOWt1BPkdx+m+0gJuPM+S0vCe7zTJMYUP0R8pO2XMr+Y8oLIg==}
    engines: {node: '>=6'}

  tslib@2.8.1:
    resolution: {integrity: sha512-oJFu94HQb+KVduSUQL7wnpmqnfmLsOA/nAh6b6EH0wCEoK0/mPeXU6c3wKDV83MkOuHPRHtSXKKU99IBazS/2w==}

  typescript@5.9.2:
    resolution: {integrity: sha512-CWBzXQrc/qOkhidw1OzBTQuYRbfyxDXJMVJ1XNwUHGROVmuaeiEm3OslpZ1RV96d7SKKjZKrSJu3+t/xlw3R9A==}
    engines: {node: '>=14.17'}
    hasBin: true

  undici-types@6.21.0:
    resolution: {integrity: sha512-iwDZqg0QAGrg9Rav5H4n0M64c3mkR59cJ6wQp+7C4nI0gsmExaedaYLNO44eT4AtBBwjbTiGPMlt2Md0T9H9JQ==}

snapshots:

  '@ast-grep/napi-darwin-arm64@0.37.0':
    optional: true

  '@ast-grep/napi-darwin-x64@0.37.0':
    optional: true

  '@ast-grep/napi-linux-arm64-gnu@0.37.0':
    optional: true

  '@ast-grep/napi-linux-arm64-musl@0.37.0':
    optional: true

  '@ast-grep/napi-linux-x64-gnu@0.37.0':
    optional: true

  '@ast-grep/napi-linux-x64-musl@0.37.0':
    optional: true

  '@ast-grep/napi-win32-arm64-msvc@0.37.0':
    optional: true

  '@ast-grep/napi-win32-ia32-msvc@0.37.0':
    optional: true

  '@ast-grep/napi-win32-x64-msvc@0.37.0':
    optional: true

  '@ast-grep/napi@0.37.0':
    optionalDependencies:
      '@ast-grep/napi-darwin-arm64': 0.37.0
      '@ast-grep/napi-darwin-x64': 0.37.0
      '@ast-grep/napi-linux-arm64-gnu': 0.37.0
      '@ast-grep/napi-linux-arm64-musl': 0.37.0
      '@ast-grep/napi-linux-x64-gnu': 0.37.0
      '@ast-grep/napi-linux-x64-musl': 0.37.0
      '@ast-grep/napi-win32-arm64-msvc': 0.37.0
      '@ast-grep/napi-win32-ia32-msvc': 0.37.0
      '@ast-grep/napi-win32-x64-msvc': 0.37.0

  '@emnapi/core@1.4.5':
    dependencies:
      '@emnapi/wasi-threads': 1.0.4
      tslib: 2.8.1
    optional: true

  '@emnapi/runtime@1.4.5':
    dependencies:
      tslib: 2.8.1
    optional: true

  '@emnapi/wasi-threads@1.0.4':
    dependencies:
      tslib: 2.8.1
    optional: true

  '@jridgewell/sourcemap-codec@1.5.5': {}

  '@module-federation/error-codes@0.17.1': {}

  '@module-federation/runtime-core@0.17.1':
    dependencies:
      '@module-federation/error-codes': 0.17.1
      '@module-federation/sdk': 0.17.1

  '@module-federation/runtime-tools@0.17.1':
    dependencies:
      '@module-federation/runtime': 0.17.1
      '@module-federation/webpack-bundler-runtime': 0.17.1

  '@module-federation/runtime@0.17.1':
    dependencies:
      '@module-federation/error-codes': 0.17.1
      '@module-federation/runtime-core': 0.17.1
      '@module-federation/sdk': 0.17.1

  '@module-federation/sdk@0.17.1': {}

  '@module-federation/webpack-bundler-runtime@0.17.1':
    dependencies:
      '@module-federation/runtime': 0.17.1
      '@module-federation/sdk': 0.17.1

  '@napi-rs/wasm-runtime@1.0.3':
    dependencies:
      '@emnapi/core': 1.4.5
      '@emnapi/runtime': 1.4.5
      '@tybys/wasm-util': 0.10.0
    optional: true

  '@rsbuild/core@1.5.0-beta.3':
    dependencies:
      '@rspack/core': 1.5.0-beta.0(@swc/helpers@0.5.17)
      '@rspack/lite-tapable': 1.0.1
      '@swc/helpers': 0.5.17
      core-js: 3.45.0
      jiti: 2.5.1

  '@rslib/core@0.12.1(typescript@5.9.2)':
    dependencies:
      '@rsbuild/core': 1.5.0-beta.3
      rsbuild-plugin-dts: 0.12.1(@rsbuild/core@1.5.0-beta.3)(typescript@5.9.2)
      tinyglobby: 0.2.14
    optionalDependencies:
      typescript: 5.9.2

  '@rspack/binding-darwin-arm64@1.5.0-beta.0':
    optional: true

  '@rspack/binding-darwin-x64@1.5.0-beta.0':
    optional: true

  '@rspack/binding-linux-arm64-gnu@1.5.0-beta.0':
    optional: true

  '@rspack/binding-linux-arm64-musl@1.5.0-beta.0':
    optional: true

  '@rspack/binding-linux-x64-gnu@1.5.0-beta.0':
    optional: true

  '@rspack/binding-linux-x64-musl@1.5.0-beta.0':
    optional: true

  '@rspack/binding-wasm32-wasi@1.5.0-beta.0':
    dependencies:
      '@napi-rs/wasm-runtime': 1.0.3
    optional: true

  '@rspack/binding-win32-arm64-msvc@1.5.0-beta.0':
    optional: true

  '@rspack/binding-win32-ia32-msvc@1.5.0-beta.0':
    optional: true

  '@rspack/binding-win32-x64-msvc@1.5.0-beta.0':
    optional: true

  '@rspack/binding@1.5.0-beta.0':
    optionalDependencies:
      '@rspack/binding-darwin-arm64': 1.5.0-beta.0
      '@rspack/binding-darwin-x64': 1.5.0-beta.0
      '@rspack/binding-linux-arm64-gnu': 1.5.0-beta.0
      '@rspack/binding-linux-arm64-musl': 1.5.0-beta.0
      '@rspack/binding-linux-x64-gnu': 1.5.0-beta.0
      '@rspack/binding-linux-x64-musl': 1.5.0-beta.0
      '@rspack/binding-wasm32-wasi': 1.5.0-beta.0
      '@rspack/binding-win32-arm64-msvc': 1.5.0-beta.0
      '@rspack/binding-win32-ia32-msvc': 1.5.0-beta.0
      '@rspack/binding-win32-x64-msvc': 1.5.0-beta.0

  '@rspack/core@1.5.0-beta.0(@swc/helpers@0.5.17)':
    dependencies:
      '@module-federation/runtime-tools': 0.17.1
      '@rspack/binding': 1.5.0-beta.0
      '@rspack/lite-tapable': 1.0.1
    optionalDependencies:
      '@swc/helpers': 0.5.17

  '@rspack/lite-tapable@1.0.1': {}

  '@swc/helpers@0.5.17':
    dependencies:
      tslib: 2.8.1

  '@tybys/wasm-util@0.10.0':
    dependencies:
      tslib: 2.8.1
    optional: true

  '@types/node@22.17.2':
    dependencies:
      undici-types: 6.21.0

  core-js@3.45.0: {}

  fdir@6.5.0(picomatch@4.0.3):
    optionalDependencies:
      picomatch: 4.0.3

  jiti@2.5.1: {}

  json5@2.2.3: {}

  magic-string@0.30.17:
    dependencies:
      '@jridgewell/sourcemap-codec': 1.5.5

  minimist@1.2.8: {}

  picocolors@1.1.1: {}

  picomatch@4.0.3: {}

  rsbuild-plugin-dts@0.12.1(@rsbuild/core@1.5.0-beta.3)(typescript@5.9.2):
    dependencies:
      '@ast-grep/napi': 0.37.0
      '@rsbuild/core': 1.5.0-beta.3
      magic-string: 0.30.17
      picocolors: 1.1.1
      tinyglobby: 0.2.14
      tsconfig-paths: 4.2.0
    optionalDependencies:
      typescript: 5.9.2

  strip-bom@3.0.0: {}

  tinyglobby@0.2.14:
    dependencies:
      fdir: 6.5.0(picomatch@4.0.3)
      picomatch: 4.0.3

  tsconfig-paths@4.2.0:
    dependencies:
      json5: 2.2.3
      minimist: 1.2.8
      strip-bom: 3.0.0

  tslib@2.8.1: {}

  typescript@5.9.2: {}

  undici-types@6.21.0: {}
